
Microsoft Visual Studio Solution File, Format Version 12.00
Project("{FAE04EC0-301F-11D3-BF4B-00C04F79EFBC}") = "Rmg.Core", "Rmg.Core\Rmg.Core.csproj", "{6E9BA886-BEC3-4D2D-8439-438D4DC84640}"
EndProject
Project("{FAE04EC0-301F-11D3-BF4B-00C04F79EFBC}") = "Rmg.Tests", "Rmg.Tests\Rmg.Tests.csproj", "{CE39A2E6-317F-4A4A-9CC3-156946BD7573}"
EndProject
Project("{FAE04EC0-301F-11D3-BF4B-00C04F79EFBC}") = "Rmg", "Rmg\Rmg.csproj", "{599D46B9-55EC-4D90-81EC-D10A52021054}"
EndProject
Project("{FAE04EC0-301F-11D3-BF4B-00C04F79EFBC}") = "Rmg.MidiUtil", "Rmg.MidiUtil\Rmg.MidiUtil.csproj", "{1B83CF5F-498A-48EF-B158-E58C9FE0E721}"
EndProject
Global
	GlobalSection(SolutionConfigurationPlatforms) = preSolution
		Debug|Any CPU = Debug|Any CPU
		Release|Any CPU = Release|Any CPU
	EndGlobalSection
	GlobalSection(ProjectConfigurationPlatforms) = postSolution
		{6E9BA886-BEC3-4D2D-8439-438D4DC84640}.Debug|Any CPU.ActiveCfg = Debug|Any CPU
		{6E9BA886-BEC3-4D2D-8439-438D4DC84640}.Debug|Any CPU.Build.0 = Debug|Any CPU
		{6E9BA886-BEC3-4D2D-8439-438D4DC84640}.Release|Any CPU.ActiveCfg = Release|Any CPU
		{6E9BA886-BEC3-4D2D-8439-438D4DC84640}.Release|Any CPU.Build.0 = Release|Any CPU
		{CE39A2E6-317F-4A4A-9CC3-156946BD7573}.Debug|Any CPU.ActiveCfg = Debug|Any CPU
		{CE39A2E6-317F-4A4A-9CC3-156946BD7573}.Debug|Any CPU.Build.0 = Debug|Any CPU
		{CE39A2E6-317F-4A4A-9CC3-156946BD7573}.Release|Any CPU.ActiveCfg = Release|Any CPU
		{CE39A2E6-317F-4A4A-9CC3-156946BD7573}.Release|Any CPU.Build.0 = Release|Any CPU
		{599D46B9-55EC-4D90-81EC-D10A52021054}.Debug|Any CPU.ActiveCfg = Debug|Any CPU
		{599D46B9-55EC-4D90-81EC-D10A52021054}.Debug|Any CPU.Build.0 = Debug|Any CPU
		{599D46B9-55EC-4D90-81EC-D10A52021054}.Release|Any CPU.ActiveCfg = Release|Any CPU
		{599D46B9-55EC-4D90-81EC-D10A52021054}.Release|Any CPU.Build.0 = Release|Any CPU
		{1B83CF5F-498A-48EF-B158-E58C9FE0E721}.Debug|Any CPU.ActiveCfg = Debug|Any CPU
		{1B83CF5F-498A-48EF-B158-E58C9FE0E721}.Debug|Any CPU.Build.0 = Debug|Any CPU
		{1B83CF5F-498A-48EF-B158-E58C9FE0E721}.Release|Any CPU.ActiveCfg = Release|Any CPU
		{1B83CF5F-498A-48EF-B158-E58C9FE0E721}.Release|Any CPU.Build.0 = Release|Any CPU
	EndGlobalSection
EndGlobal
